
Microsoft Visual Studio Solution File, Format Version 12.00
# Visual Studio Version 17
VisualStudioVersion = 17.11.35327.3
MinimumVisualStudioVersion = 10.0.40219.1
Project("{9A19103F-16F7-4668-BE54-9A1E7A4F7556}") = "BSCS3A-BOOKFIZZ", "BSCS3A-BOOKFIZZ.csproj", "{4A525057-5CD0-42D9-99DD-12867AEC1BDC}"
EndProject
Global
	GlobalSection(SolutionConfigurationPlatforms) = preSolution
		Debug|Any CPU = Debug|Any CPU
		Release|Any CPU = Release|Any CPU
	EndGlobalSection
	GlobalSection(ProjectConfigurationPlatforms) = postSolution
		{4A525057-5CD0-42D9-99DD-12867AEC1BDC}.Debug|Any CPU.ActiveCfg = Debug|Any CPU
		{4A525057-5CD0-42D9-99DD-12867AEC1BDC}.Debug|Any CPU.Build.0 = Debug|Any CPU
		{4A525057-5CD0-42D9-99DD-12867AEC1BDC}.Debug|Any CPU.Deploy.0 = Debug|Any CPU
		{4A525057-5CD0-42D9-99DD-12867AEC1BDC}.Release|Any CPU.ActiveCfg = Release|Any CPU
		{4A525057-5CD0-42D9-99DD-12867AEC1BDC}.Release|Any CPU.Build.0 = Release|Any CPU
		{4A525057-5CD0-42D9-99DD-12867AEC1BDC}.Release|Any CPU.Deploy.0 = Release|Any CPU
	EndGlobalSection
	GlobalSection(SolutionProperties) = preSolution
		HideSolutionNode = FALSE
	EndGlobalSection
	GlobalSection(ExtensibilityGlobals) = postSolution
		SolutionGuid = {77057DA2-ED08-4B81-963A-E979BA2D4684}
	EndGlobalSection
EndGlobal
